
Microsoft Visual Studio Solution File, Format Version 12.00
# Visual Studio Version 17
VisualStudioVersion = 17.8.34309.116
MinimumVisualStudioVersion = 10.0.40219.1
Project("{9A19103F-16F7-4668-BE54-9A1E7A4F7556}") = "GE_Chatapp", "GE_Chatapp\GE_Chatapp\GE_Chatapp.csproj", "{3125BBFD-A343-4613-BDA2-4CCBECCC8BF6}"
EndProject
Project("{9A19103F-16F7-4668-BE54-9A1E7A4F7556}") = "GE_Chatapp.Client", "GE_Chatapp\GE_Chatapp.Client\GE_Chatapp.Client.csproj", "{00A8E4D7-8A69-402A-8B00-D335EAB5A1FC}"
	ProjectSection(ProjectDependencies) = postProject
		{FEDB8729-EEBB-4354-80AE-D69891A812AB} = {FEDB8729-EEBB-4354-80AE-D69891A812AB}
	EndProjectSection
EndProject
Project("{2150E333-8FDC-42A3-9474-1A3956D46DE8}") = "Solution Items", "Solution Items", "{939D08BC-51F4-4650-BE1E-6AD54731C48C}"
	ProjectSection(SolutionItems) = preProject
		.editorconfig = .editorconfig
	EndProjectSection
EndProject
Project("{9A19103F-16F7-4668-BE54-9A1E7A4F7556}") = "Unit_Test", "Unit_Test\Unit_Test.csproj", "{D3D5D358-AF52-47E5-BED1-99C4E42D9363}"
EndProject
Project("{E53339B2-1760-4266-BCC7-CA923CBCF16C}") = "docker-compose", "docker-compose.dcproj", "{5BC42988-E2A0-446D-84A2-D5FD8215AD72}"
EndProject
Project("{9A19103F-16F7-4668-BE54-9A1E7A4F7556}") = "Chatapp.Shared", "Chatapp.Shared\Chatapp.Shared.csproj", "{FEDB8729-EEBB-4354-80AE-D69891A812AB}"
EndProject
Project("{FAE04EC0-301F-11D3-BF4B-00C04F79EFBC}") = "Integration_Test", "Integration_Test\Integration_Test.csproj", "{9526BDF6-767D-4AD1-9323-B6FEDD715F12}"
EndProject
Global
	GlobalSection(SolutionConfigurationPlatforms) = preSolution
		Debug|Any CPU = Debug|Any CPU
		Debug|x64 = Debug|x64
		Release|Any CPU = Release|Any CPU
		Release|x64 = Release|x64
	EndGlobalSection
	GlobalSection(ProjectConfigurationPlatforms) = postSolution
		{3125BBFD-A343-4613-BDA2-4CCBECCC8BF6}.Debug|Any CPU.ActiveCfg = Debug|Any CPU
		{3125BBFD-A343-4613-BDA2-4CCBECCC8BF6}.Debug|Any CPU.Build.0 = Debug|Any CPU
		{3125BBFD-A343-4613-BDA2-4CCBECCC8BF6}.Debug|x64.ActiveCfg = Debug|Any CPU
		{3125BBFD-A343-4613-BDA2-4CCBECCC8BF6}.Debug|x64.Build.0 = Debug|Any CPU
		{3125BBFD-A343-4613-BDA2-4CCBECCC8BF6}.Release|Any CPU.ActiveCfg = Release|Any CPU
		{3125BBFD-A343-4613-BDA2-4CCBECCC8BF6}.Release|Any CPU.Build.0 = Release|Any CPU
		{3125BBFD-A343-4613-BDA2-4CCBECCC8BF6}.Release|x64.ActiveCfg = Release|Any CPU
		{3125BBFD-A343-4613-BDA2-4CCBECCC8BF6}.Release|x64.Build.0 = Release|Any CPU
		{00A8E4D7-8A69-402A-8B00-D335EAB5A1FC}.Debug|Any CPU.ActiveCfg = Debug|Any CPU
		{00A8E4D7-8A69-402A-8B00-D335EAB5A1FC}.Debug|Any CPU.Build.0 = Debug|Any CPU
		{00A8E4D7-8A69-402A-8B00-D335EAB5A1FC}.Debug|x64.ActiveCfg = Debug|Any CPU
		{00A8E4D7-8A69-402A-8B00-D335EAB5A1FC}.Debug|x64.Build.0 = Debug|Any CPU
		{00A8E4D7-8A69-402A-8B00-D335EAB5A1FC}.Release|Any CPU.ActiveCfg = Release|Any CPU
		{00A8E4D7-8A69-402A-8B00-D335EAB5A1FC}.Release|Any CPU.Build.0 = Release|Any CPU
		{00A8E4D7-8A69-402A-8B00-D335EAB5A1FC}.Release|x64.ActiveCfg = Release|Any CPU
		{00A8E4D7-8A69-402A-8B00-D335EAB5A1FC}.Release|x64.Build.0 = Release|Any CPU
		{D3D5D358-AF52-47E5-BED1-99C4E42D9363}.Debug|Any CPU.ActiveCfg = Debug|Any CPU
		{D3D5D358-AF52-47E5-BED1-99C4E42D9363}.Debug|Any CPU.Build.0 = Debug|Any CPU
		{D3D5D358-AF52-47E5-BED1-99C4E42D9363}.Debug|x64.ActiveCfg = Debug|Any CPU
		{D3D5D358-AF52-47E5-BED1-99C4E42D9363}.Debug|x64.Build.0 = Debug|Any CPU
		{D3D5D358-AF52-47E5-BED1-99C4E42D9363}.Release|Any CPU.ActiveCfg = Release|Any CPU
		{D3D5D358-AF52-47E5-BED1-99C4E42D9363}.Release|Any CPU.Build.0 = Release|Any CPU
		{D3D5D358-AF52-47E5-BED1-99C4E42D9363}.Release|x64.ActiveCfg = Release|Any CPU
		{D3D5D358-AF52-47E5-BED1-99C4E42D9363}.Release|x64.Build.0 = Release|Any CPU
		{5BC42988-E2A0-446D-84A2-D5FD8215AD72}.Debug|Any CPU.ActiveCfg = Debug|Any CPU
		{5BC42988-E2A0-446D-84A2-D5FD8215AD72}.Debug|Any CPU.Build.0 = Debug|Any CPU
		{5BC42988-E2A0-446D-84A2-D5FD8215AD72}.Debug|x64.ActiveCfg = Debug|Any CPU
		{5BC42988-E2A0-446D-84A2-D5FD8215AD72}.Debug|x64.Build.0 = Debug|Any CPU
		{5BC42988-E2A0-446D-84A2-D5FD8215AD72}.Release|Any CPU.ActiveCfg = Release|Any CPU
		{5BC42988-E2A0-446D-84A2-D5FD8215AD72}.Release|Any CPU.Build.0 = Release|Any CPU
		{5BC42988-E2A0-446D-84A2-D5FD8215AD72}.Release|x64.ActiveCfg = Release|Any CPU
		{5BC42988-E2A0-446D-84A2-D5FD8215AD72}.Release|x64.Build.0 = Release|Any CPU
		{FEDB8729-EEBB-4354-80AE-D69891A812AB}.Debug|Any CPU.ActiveCfg = Debug|Any CPU
		{FEDB8729-EEBB-4354-80AE-D69891A812AB}.Debug|Any CPU.Build.0 = Debug|Any CPU
		{FEDB8729-EEBB-4354-80AE-D69891A812AB}.Debug|x64.ActiveCfg = Debug|Any CPU
		{FEDB8729-EEBB-4354-80AE-D69891A812AB}.Debug|x64.Build.0 = Debug|Any CPU
		{FEDB8729-EEBB-4354-80AE-D69891A812AB}.Release|Any CPU.ActiveCfg = Release|Any CPU
		{FEDB8729-EEBB-4354-80AE-D69891A812AB}.Release|Any CPU.Build.0 = Release|Any CPU
		{FEDB8729-EEBB-4354-80AE-D69891A812AB}.Release|x64.ActiveCfg = Release|Any CPU
		{FEDB8729-EEBB-4354-80AE-D69891A812AB}.Release|x64.Build.0 = Release|Any CPU
		{9526BDF6-767D-4AD1-9323-B6FEDD715F12}.Debug|Any CPU.ActiveCfg = Debug|Any CPU
		{9526BDF6-767D-4AD1-9323-B6FEDD715F12}.Debug|Any CPU.Build.0 = Debug|Any CPU
		{9526BDF6-767D-4AD1-9323-B6FEDD715F12}.Debug|x64.ActiveCfg = Debug|Any CPU
		{9526BDF6-767D-4AD1-9323-B6FEDD715F12}.Debug|x64.Build.0 = Debug|Any CPU
		{9526BDF6-767D-4AD1-9323-B6FEDD715F12}.Release|Any CPU.ActiveCfg = Release|Any CPU
		{9526BDF6-767D-4AD1-9323-B6FEDD715F12}.Release|Any CPU.Build.0 = Release|Any CPU
		{9526BDF6-767D-4AD1-9323-B6FEDD715F12}.Release|x64.ActiveCfg = Release|Any CPU
		{9526BDF6-767D-4AD1-9323-B6FEDD715F12}.Release|x64.Build.0 = Release|Any CPU
	EndGlobalSection
	GlobalSection(SolutionProperties) = preSolution
		HideSolutionNode = FALSE
	EndGlobalSection
	GlobalSection(ExtensibilityGlobals) = postSolution
		SolutionGuid = {2B1A0A38-7E2B-4505-88D9-D608301A4B44}
	EndGlobalSection
EndGlobal
